// !$*UTF8*$!
{
	archiveVersion = 1;
	classes = {
	};
	objectVersion = 50;
	objects = {

/* Begin PBXBuildFile section */
		24057D62A4681B5D1E6D5416 /* Pods_Chaat.framework in Frameworks */ = {isa = PBXBuildFile; fileRef = F3D9048B0FEC159E1236941F /* Pods_Chaat.framework */; };
		844851CC21B81DD3008DD6DB /* AppDelegate.swift in Sources */ = {isa = PBXBuildFile; fileRef = 844851CB21B81DD3008DD6DB /* AppDelegate.swift */; };
		844851CE21B81DD3008DD6DB /* MessageController.swift in Sources */ = {isa = PBXBuildFile; fileRef = 844851CD21B81DD3008DD6DB /* MessageController.swift */; };
		844851D121B81DD3008DD6DB /* Main.storyboard in Resources */ = {isa = PBXBuildFile; fileRef = 844851CF21B81DD3008DD6DB /* Main.storyboard */; };
		844851D321B81DD8008DD6DB /* Assets.xcassets in Resources */ = {isa = PBXBuildFile; fileRef = 844851D221B81DD8008DD6DB /* Assets.xcassets */; };
		844851D621B81DD8008DD6DB /* LaunchScreen.storyboard in Resources */ = {isa = PBXBuildFile; fileRef = 844851D421B81DD8008DD6DB /* LaunchScreen.storyboard */; };
		844851DF21B825FB008DD6DB /* LoginController.swift in Sources */ = {isa = PBXBuildFile; fileRef = 844851DE21B825FB008DD6DB /* LoginController.swift */; };
		844C0ED721B8EC1F00810664 /* GoogleService-Info.plist in Resources */ = {isa = PBXBuildFile; fileRef = 844C0ED621B8EC1F00810664 /* GoogleService-Info.plist */; };
		844C0ED921B954AD00810664 /* NewMessageController.swift in Sources */ = {isa = PBXBuildFile; fileRef = 844C0ED821B954AD00810664 /* NewMessageController.swift */; };
		844C0EDC21B9605300810664 /* UserCell.swift in Sources */ = {isa = PBXBuildFile; fileRef = 844C0EDB21B9605300810664 /* UserCell.swift */; };
		844C0EDF21B9723200810664 /* User.swift in Sources */ = {isa = PBXBuildFile; fileRef = 844C0EDE21B9723200810664 /* User.swift */; };
		844C0EE221B99FFE00810664 /* LoginController+handlers.swift in Sources */ = {isa = PBXBuildFile; fileRef = 844C0EE121B99FFE00810664 /* LoginController+handlers.swift */; };
/* End PBXBuildFile section */

/* Begin PBXFileReference section */
		2ECABFDBA9DAFCB0F117FF38 /* Pods-Chaat.release.xcconfig */ = {isa = PBXFileReference; includeInIndex = 1; lastKnownFileType = text.xcconfig; name = "Pods-Chaat.release.xcconfig"; path = "Pods/Target Support Files/Pods-Chaat/Pods-Chaat.release.xcconfig"; sourceTree = "<group>"; };
		3A49B306F1CC177800FE2D22 /* Pods-Chaat.debug.xcconfig */ = {isa = PBXFileReference; includeInIndex = 1; lastKnownFileType = text.xcconfig; name = "Pods-Chaat.debug.xcconfig"; path = "Pods/Target Support Files/Pods-Chaat/Pods-Chaat.debug.xcconfig"; sourceTree = "<group>"; };
		844851C821B81DD3008DD6DB /* Chaat.app */ = {isa = PBXFileReference; explicitFileType = wrapper.application; includeInIndex = 0; path = Chaat.app; sourceTree = BUILT_PRODUCTS_DIR; };
		844851CB21B81DD3008DD6DB /* AppDelegate.swift */ = {isa = PBXFileReference; lastKnownFileType = sourcecode.swift; path = AppDelegate.swift; sourceTree = "<group>"; };
		844851CD21B81DD3008DD6DB /* MessageController.swift */ = {isa = PBXFileReference; lastKnownFileType = sourcecode.swift; path = MessageController.swift; sourceTree = "<group>"; };
		844851D021B81DD3008DD6DB /* Base */ = {isa = PBXFileReference; lastKnownFileType = file.storyboard; name = Base; path = Base.lproj/Main.storyboard; sourceTree = "<group>"; };
		844851D221B81DD8008DD6DB /* Assets.xcassets */ = {isa = PBXFileReference; lastKnownFileType = folder.assetcatalog; path = Assets.xcassets; sourceTree = "<group>"; };
		844851D521B81DD8008DD6DB /* Base */ = {isa = PBXFileReference; lastKnownFileType = file.storyboard; name = Base; path = Base.lproj/LaunchScreen.storyboard; sourceTree = "<group>"; };
		844851D721B81DD8008DD6DB /* Info.plist */ = {isa = PBXFileReference; lastKnownFileType = text.plist.xml; path = Info.plist; sourceTree = "<group>"; };
		844851DE21B825FB008DD6DB /* LoginController.swift */ = {isa = PBXFileReference; lastKnownFileType = sourcecode.swift; path = LoginController.swift; sourceTree = "<group>"; };
		844C0ED621B8EC1F00810664 /* GoogleService-Info.plist */ = {isa = PBXFileReference; fileEncoding = 4; lastKnownFileType = text.plist.xml; path = "GoogleService-Info.plist"; sourceTree = "<group>"; };
		844C0ED821B954AD00810664 /* NewMessageController.swift */ = {isa = PBXFileReference; lastKnownFileType = sourcecode.swift; path = NewMessageController.swift; sourceTree = "<group>"; };
		844C0EDB21B9605300810664 /* UserCell.swift */ = {isa = PBXFileReference; lastKnownFileType = sourcecode.swift; path = UserCell.swift; sourceTree = "<group>"; };
		844C0EDE21B9723200810664 /* User.swift */ = {isa = PBXFileReference; lastKnownFileType = sourcecode.swift; path = User.swift; sourceTree = "<group>"; };
		844C0EE121B99FFE00810664 /* LoginController+handlers.swift */ = {isa = PBXFileReference; lastKnownFileType = sourcecode.swift; path = "LoginController+handlers.swift"; sourceTree = "<group>"; };
		F3D9048B0FEC159E1236941F /* Pods_Chaat.framework */ = {isa = PBXFileReference; explicitFileType = wrapper.framework; includeInIndex = 0; path = Pods_Chaat.framework; sourceTree = BUILT_PRODUCTS_DIR; };
/* End PBXFileReference section */

/* Begin PBXFrameworksBuildPhase section */
		844851C521B81DD3008DD6DB /* Frameworks */ = {
			isa = PBXFrameworksBuildPhase;
			buildActionMask = 2147483647;
			files = (
				24057D62A4681B5D1E6D5416 /* Pods_Chaat.framework in Frameworks */,
			);
			runOnlyForDeploymentPostprocessing = 0;
		};
/* End PBXFrameworksBuildPhase section */

/* Begin PBXGroup section */
		3F56775053845997C812F63B /* Pods */ = {
			isa = PBXGroup;
			children = (
				3A49B306F1CC177800FE2D22 /* Pods-Chaat.debug.xcconfig */,
				2ECABFDBA9DAFCB0F117FF38 /* Pods-Chaat.release.xcconfig */,
			);
			name = Pods;
			sourceTree = "<group>";
		};
		844851BF21B81DD3008DD6DB = {
			isa = PBXGroup;
			children = (
				844851CA21B81DD3008DD6DB /* Chaat */,
				844851C921B81DD3008DD6DB /* Products */,
				3F56775053845997C812F63B /* Pods */,
				F6745D06D9B321F6A6D7A9AC /* Frameworks */,
			);
			sourceTree = "<group>";
		};
		844851C921B81DD3008DD6DB /* Products */ = {
			isa = PBXGroup;
			children = (
				844851C821B81DD3008DD6DB /* Chaat.app */,
			);
			name = Products;
			sourceTree = "<group>";
		};
		844851CA21B81DD3008DD6DB /* Chaat */ = {
			isa = PBXGroup;
			children = (
				844C0EE021B9727900810664 /* Supporting Files */,
				844C0EDD21B9722100810664 /* Model */,
				844C0EDA21B9602300810664 /* Cells */,
				844851DD21B825D2008DD6DB /* Controller */,
				844C0ED621B8EC1F00810664 /* GoogleService-Info.plist */,
				844851D721B81DD8008DD6DB /* Info.plist */,
			);
			path = Chaat;
			sourceTree = "<group>";
		};
		844851DD21B825D2008DD6DB /* Controller */ = {
			isa = PBXGroup;
			children = (
				844851CD21B81DD3008DD6DB /* MessageController.swift */,
				844851DE21B825FB008DD6DB /* LoginController.swift */,
				844C0ED821B954AD00810664 /* NewMessageController.swift */,
				844C0EE121B99FFE00810664 /* LoginController+handlers.swift */,
			);
			path = Controller;
			sourceTree = "<group>";
		};
		844C0EDA21B9602300810664 /* Cells */ = {
			isa = PBXGroup;
			children = (
				844C0EDB21B9605300810664 /* UserCell.swift */,
			);
			path = Cells;
			sourceTree = "<group>";
		};
		844C0EDD21B9722100810664 /* Model */ = {
			isa = PBXGroup;
			children = (
				844C0EDE21B9723200810664 /* User.swift */,
			);
			path = Model;
			sourceTree = "<group>";
		};
		844C0EE021B9727900810664 /* Supporting Files */ = {
			isa = PBXGroup;
			children = (
				844851CB21B81DD3008DD6DB /* AppDelegate.swift */,
				844851D221B81DD8008DD6DB /* Assets.xcassets */,
				844851D421B81DD8008DD6DB /* LaunchScreen.storyboard */,
				844851CF21B81DD3008DD6DB /* Main.storyboard */,
			);
			path = "Supporting Files";
			sourceTree = "<group>";
		};
		F6745D06D9B321F6A6D7A9AC /* Frameworks */ = {
			isa = PBXGroup;
			children = (
				F3D9048B0FEC159E1236941F /* Pods_Chaat.framework */,
			);
			name = Frameworks;
			sourceTree = "<group>";
		};
/* End PBXGroup section */

/* Begin PBXNativeTarget section */
		844851C721B81DD3008DD6DB /* Chaat */ = {
			isa = PBXNativeTarget;
			buildConfigurationList = 844851DA21B81DD8008DD6DB /* Build configuration list for PBXNativeTarget "Chaat" */;
			buildPhases = (
				A8865DA6356EA6665EBD3B25 /* [CP] Check Pods Manifest.lock */,
				844851C421B81DD3008DD6DB /* Sources */,
				844851C521B81DD3008DD6DB /* Frameworks */,
				844851C621B81DD3008DD6DB /* Resources */,
				3D32F3E9DE85BECBB6EB512B /* [CP] Embed Pods Frameworks */,
			);
			buildRules = (
			);
			dependencies = (
			);
			name = Chaat;
			productName = Chaat;
			productReference = 844851C821B81DD3008DD6DB /* Chaat.app */;
			productType = "com.apple.product-type.application";
		};
/* End PBXNativeTarget section */

/* Begin PBXProject section */
		844851C021B81DD3008DD6DB /* Project object */ = {
			isa = PBXProject;
			attributes = {
				LastSwiftUpdateCheck = 1000;
				LastUpgradeCheck = 1000;
				ORGANIZATIONNAME = Sky;
				TargetAttributes = {
					844851C721B81DD3008DD6DB = {
						CreatedOnToolsVersion = 10.0;
					};
				};
			};
			buildConfigurationList = 844851C321B81DD3008DD6DB /* Build configuration list for PBXProject "Chaat" */;
			compatibilityVersion = "Xcode 9.3";
			developmentRegion = en;
			hasScannedForEncodings = 0;
			knownRegions = (
				en,
				Base,
			);
			mainGroup = 844851BF21B81DD3008DD6DB;
			productRefGroup = 844851C921B81DD3008DD6DB /* Products */;
			projectDirPath = "";
			projectRoot = "";
			targets = (
				844851C721B81DD3008DD6DB /* Chaat */,
			);
		};
/* End PBXProject section */

/* Begin PBXResourcesBuildPhase section */
		844851C621B81DD3008DD6DB /* Resources */ = {
			isa = PBXResourcesBuildPhase;
			buildActionMask = 2147483647;
			files = (
				844851D621B81DD8008DD6DB /* LaunchScreen.storyboard in Resources */,
				844851D321B81DD8008DD6DB /* Assets.xcassets in Resources */,
				844C0ED721B8EC1F00810664 /* GoogleService-Info.plist in Resources */,
				844851D121B81DD3008DD6DB /* Main.storyboard in Resources */,
			);
			runOnlyForDeploymentPostprocessing = 0;
		};
/* End PBXResourcesBuildPhase section */

/* Begin PBXShellScriptBuildPhase section */
		3D32F3E9DE85BECBB6EB512B /* [CP] Embed Pods Frameworks */ = {
			isa = PBXShellScriptBuildPhase;
			buildActionMask = 2147483647;
			files = (
			);
			inputPaths = (
				"${SRCROOT}/Pods/Target Support Files/Pods-Chaat/Pods-Chaat-frameworks.sh",
				"${BUILT_PRODUCTS_DIR}/GTMSessionFetcher/GTMSessionFetcher.framework",
				"${BUILT_PRODUCTS_DIR}/GoogleUtilities/GoogleUtilities.framework",
				"${BUILT_PRODUCTS_DIR}/leveldb-library/leveldb.framework",
				"${BUILT_PRODUCTS_DIR}/nanopb/nanopb.framework",
			);
			name = "[CP] Embed Pods Frameworks";
			outputPaths = (
				"${TARGET_BUILD_DIR}/${FRAMEWORKS_FOLDER_PATH}/GTMSessionFetcher.framework",
				"${TARGET_BUILD_DIR}/${FRAMEWORKS_FOLDER_PATH}/GoogleUtilities.framework",
				"${TARGET_BUILD_DIR}/${FRAMEWORKS_FOLDER_PATH}/leveldb.framework",
				"${TARGET_BUILD_DIR}/${FRAMEWORKS_FOLDER_PATH}/nanopb.framework",
			);
			runOnlyForDeploymentPostprocessing = 0;
			shellPath = /bin/sh;
			shellScript = "\"${SRCROOT}/Pods/Target Support Files/Pods-Chaat/Pods-Chaat-frameworks.sh\"\n";
			showEnvVarsInLog = 0;
		};
		A8865DA6356EA6665EBD3B25 /* [CP] Check Pods Manifest.lock */ = {
			isa = PBXShellScriptBuildPhase;
			buildActionMask = 2147483647;
			files = (
			);
			inputPaths = (
				"${PODS_PODFILE_DIR_PATH}/Podfile.lock",
				"${PODS_ROOT}/Manifest.lock",
			);
			name = "[CP] Check Pods Manifest.lock";
			outputPaths = (
				"$(DERIVED_FILE_DIR)/Pods-Chaat-checkManifestLockResult.txt",
			);
			runOnlyForDeploymentPostprocessing = 0;
			shellPath = /bin/sh;
			shellScript = "diff \"${PODS_PODFILE_DIR_PATH}/Podfile.lock\" \"${PODS_ROOT}/Manifest.lock\" > /dev/null\nif [ $? != 0 ] ; then\n    # print error to STDERR\n    echo \"error: The sandbox is not in sync with the Podfile.lock. Run 'pod install' or update your CocoaPods installation.\" >&2\n    exit 1\nfi\n# This output is used by Xcode 'outputs' to avoid re-running this script phase.\necho \"SUCCESS\" > \"${SCRIPT_OUTPUT_FILE_0}\"\n";
			showEnvVarsInLog = 0;
		};
/* End PBXShellScriptBuildPhase section */

/* Begin PBXSourcesBuildPhase section */
		844851C421B81DD3008DD6DB /* Sources */ = {
			isa = PBXSourcesBuildPhase;
			buildActionMask = 2147483647;
			files = (
				844C0ED921B954AD00810664 /* NewMessageController.swift in Sources */,
				844851CE21B81DD3008DD6DB /* MessageController.swift in Sources */,
				844C0EDF21B9723200810664 /* User.swift in Sources */,
				844C0EDC21B9605300810664 /* UserCell.swift in Sources */,
				844C0EE221B99FFE00810664 /* LoginController+handlers.swift in Sources */,
				844851DF21B825FB008DD6DB /* LoginController.swift in Sources */,
				844851CC21B81DD3008DD6DB /* AppDelegate.swift in Sources */,
			);
			runOnlyForDeploymentPostprocessing = 0;
		};
/* End PBXSourcesBuildPhase section */

/* Begin PBXVariantGroup section */
		844851CF21B81DD3008DD6DB /* Main.storyboard */ = {
			isa = PBXVariantGroup;
			children = (
				844851D021B81DD3008DD6DB /* Base */,
			);
			name = Main.storyboard;
			sourceTree = "<group>";
		};
		844851D421B81DD8008DD6DB /* LaunchScreen.storyboard */ = {
			isa = PBXVariantGroup;
			children = (
				844851D521B81DD8008DD6DB /* Base */,
			);
			name = LaunchScreen.storyboard;
			sourceTree = "<group>";
		};
/* End PBXVariantGroup section */

/* Begin XCBuildConfiguration section */
		844851D821B81DD8008DD6DB /* Debug */ = {
			isa = XCBuildConfiguration;
			buildSettings = {
				ALWAYS_SEARCH_USER_PATHS = NO;
				CLANG_ANALYZER_NONNULL = YES;
				CLANG_ANALYZER_NUMBER_OBJECT_CONVERSION = YES_AGGRESSIVE;
				CLANG_CXX_LANGUAGE_STANDARD = "gnu++14";
				CLANG_CXX_LIBRARY = "libc++";
				CLANG_ENABLE_MODULES = YES;
				CLANG_ENABLE_OBJC_ARC = YES;
				CLANG_ENABLE_OBJC_WEAK = YES;
				CLANG_WARN_BLOCK_CAPTURE_AUTORELEASING = YES;
				CLANG_WARN_BOOL_CONVERSION = YES;
				CLANG_WARN_COMMA = YES;
				CLANG_WARN_CONSTANT_CONVERSION = YES;
				CLANG_WARN_DEPRECATED_OBJC_IMPLEMENTATIONS = YES;
				CLANG_WARN_DIRECT_OBJC_ISA_USAGE = YES_ERROR;
				CLANG_WARN_DOCUMENTATION_COMMENTS = YES;
				CLANG_WARN_EMPTY_BODY = YES;
				CLANG_WARN_ENUM_CONVERSION = YES;
				CLANG_WARN_INFINITE_RECURSION = YES;
				CLANG_WARN_INT_CONVERSION = YES;
				CLANG_WARN_NON_LITERAL_NULL_CONVERSION = YES;
				CLANG_WARN_OBJC_IMPLICIT_RETAIN_SELF = YES;
				CLANG_WARN_OBJC_LITERAL_CONVERSION = YES;
				CLANG_WARN_OBJC_ROOT_CLASS = YES_ERROR;
				CLANG_WARN_RANGE_LOOP_ANALYSIS = YES;
				CLANG_WARN_STRICT_PROTOTYPES = YES;
				CLANG_WARN_SUSPICIOUS_MOVE = YES;
				CLANG_WARN_UNGUARDED_AVAILABILITY = YES_AGGRESSIVE;
				CLANG_WARN_UNREACHABLE_CODE = YES;
				CLANG_WARN__DUPLICATE_METHOD_MATCH = YES;
				CODE_SIGN_IDENTITY = "iPhone Developer";
				COPY_PHASE_STRIP = NO;
				DEBUG_INFORMATION_FORMAT = dwarf;
				ENABLE_STRICT_OBJC_MSGSEND = YES;
				ENABLE_TESTABILITY = YES;
				GCC_C_LANGUAGE_STANDARD = gnu11;
				GCC_DYNAMIC_NO_PIC = NO;
				GCC_NO_COMMON_BLOCKS = YES;
				GCC_OPTIMIZATION_LEVEL = 0;
				GCC_PREPROCESSOR_DEFINITIONS = (
					"DEBUG=1",
					"$(inherited)",
				);
				GCC_WARN_64_TO_32_BIT_CONVERSION = YES;
				GCC_WARN_ABOUT_RETURN_TYPE = YES_ERROR;
				GCC_WARN_UNDECLARED_SELECTOR = YES;
				GCC_WARN_UNINITIALIZED_AUTOS = YES_AGGRESSIVE;
				GCC_WARN_UNUSED_FUNCTION = YES;
				GCC_WARN_UNUSED_VARIABLE = YES;
				IPHONEOS_DEPLOYMENT_TARGET = 12.0;
				MTL_ENABLE_DEBUG_INFO = INCLUDE_SOURCE;
				MTL_FAST_MATH = YES;
				ONLY_ACTIVE_ARCH = YES;
				SDKROOT = iphoneos;
				SWIFT_ACTIVE_COMPILATION_CONDITIONS = DEBUG;
				SWIFT_OPTIMIZATION_LEVEL = "-Onone";
			};
			name = Debug;
		};
		844851D921B81DD8008DD6DB /* Release */ = {
			isa = XCBuildConfiguration;
			buildSettings = {
				ALWAYS_SEARCH_USER_PATHS = NO;
				CLANG_ANALYZER_NONNULL = YES;
				CLANG_ANALYZER_NUMBER_OBJECT_CONVERSION = YES_AGGRESSIVE;
				CLANG_CXX_LANGUAGE_STANDARD = "gnu++14";
				CLANG_CXX_LIBRARY = "libc++";
				CLANG_ENABLE_MODULES = YES;
				CLANG_ENABLE_OBJC_ARC = YES;
				CLANG_ENABLE_OBJC_WEAK = YES;
				CLANG_WARN_BLOCK_CAPTURE_AUTORELEASING = YES;
				CLANG_WARN_BOOL_CONVERSION = YES;
				CLANG_WARN_COMMA = YES;
				CLANG_WARN_CONSTANT_CONVERSION = YES;
				CLANG_WARN_DEPRECATED_OBJC_IMPLEMENTATIONS = YES;
				CLANG_WARN_DIRECT_OBJC_ISA_USAGE = YES_ERROR;
				CLANG_WARN_DOCUMENTATION_COMMENTS = YES;
				CLANG_WARN_EMPTY_BODY = YES;
				CLANG_WARN_ENUM_CONVERSION = YES;
				CLANG_WARN_INFINITE_RECURSION = YES;
				CLANG_WARN_INT_CONVERSION = YES;
				CLANG_WARN_NON_LITERAL_NULL_CONVERSION = YES;
				CLANG_WARN_OBJC_IMPLICIT_RETAIN_SELF = YES;
				CLANG_WARN_OBJC_LITERAL_CONVERSION = YES;
				CLANG_WARN_OBJC_ROOT_CLASS = YES_ERROR;
				CLANG_WARN_RANGE_LOOP_ANALYSIS = YES;
				CLANG_WARN_STRICT_PROTOTYPES = YES;
				CLANG_WARN_SUSPICIOUS_MOVE = YES;
				CLANG_WARN_UNGUARDED_AVAILABILITY = YES_AGGRESSIVE;
				CLANG_WARN_UNREACHABLE_CODE = YES;
				CLANG_WARN__DUPLICATE_METHOD_MATCH = YES;
				CODE_SIGN_IDENTITY = "iPhone Developer";
				COPY_PHASE_STRIP = NO;
				DEBUG_INFORMATION_FORMAT = "dwarf-with-dsym";
				ENABLE_NS_ASSERTIONS = NO;
				ENABLE_STRICT_OBJC_MSGSEND = YES;
				GCC_C_LANGUAGE_STANDARD = gnu11;
				GCC_NO_COMMON_BLOCKS = YES;
				GCC_WARN_64_TO_32_BIT_CONVERSION = YES;
				GCC_WARN_ABOUT_RETURN_TYPE = YES_ERROR;
				GCC_WARN_UNDECLARED_SELECTOR = YES;
				GCC_WARN_UNINITIALIZED_AUTOS = YES_AGGRESSIVE;
				GCC_WARN_UNUSED_FUNCTION = YES;
				GCC_WARN_UNUSED_VARIABLE = YES;
				IPHONEOS_DEPLOYMENT_TARGET = 12.0;
				MTL_ENABLE_DEBUG_INFO = NO;
				MTL_FAST_MATH = YES;
				SDKROOT = iphoneos;
				SWIFT_COMPILATION_MODE = wholemodule;
				SWIFT_OPTIMIZATION_LEVEL = "-O";
				VALIDATE_PRODUCT = YES;
			};
			name = Release;
		};
		844851DB21B81DD8008DD6DB /* Debug */ = {
			isa = XCBuildConfiguration;
			baseConfigurationReference = 3A49B306F1CC177800FE2D22 /* Pods-Chaat.debug.xcconfig */;
			buildSettings = {
				ASSETCATALOG_COMPILER_APPICON_NAME = AppIcon;
				CODE_SIGN_STYLE = Automatic;
				DEVELOPMENT_TEAM = 74UJ8W7VYK;
				INFOPLIST_FILE = Chaat/Info.plist;
				LD_RUNPATH_SEARCH_PATHS = (
					"$(inherited)",
					"@executable_path/Frameworks",
				);
				PRODUCT_BUNDLE_IDENTIFIER = com.Sky.Chaat;
				PRODUCT_NAME = "$(TARGET_NAME)";
				SWIFT_VERSION = 4.2;
				TARGETED_DEVICE_FAMILY = "1,2";
			};
			name = Debug;
		};
		844851DC21B81DD8008DD6DB /* Release */ = {
			isa = XCBuildConfiguration;
			baseConfigurationReference = 2ECABFDBA9DAFCB0F117FF38 /* Pods-Chaat.release.xcconfig */;
			buildSettings = {
				ASSETCATALOG_COMPILER_APPICON_NAME = AppIcon;
				CODE_SIGN_STYLE = Automatic;
				DEVELOPMENT_TEAM = 74UJ8W7VYK;
				INFOPLIST_FILE = Chaat/Info.plist;
				LD_RUNPATH_SEARCH_PATHS = (
					"$(inherited)",
					"@executable_path/Frameworks",
				);
				PRODUCT_BUNDLE_IDENTIFIER = com.Sky.Chaat;
				PRODUCT_NAME = "$(TARGET_NAME)";
				SWIFT_VERSION = 4.2;
				TARGETED_DEVICE_FAMILY = "1,2";
			};
			name = Release;
		};
/* End XCBuildConfiguration section */

/* Begin XCConfigurationList section */
		844851C321B81DD3008DD6DB /* Build configuration list for PBXProject "Chaat" */ = {
			isa = XCConfigurationList;
			buildConfigurations = (
				844851D821B81DD8008DD6DB /* Debug */,
				844851D921B81DD8008DD6DB /* Release */,
			);
			defaultConfigurationIsVisible = 0;
			defaultConfigurationName = Release;
		};
		844851DA21B81DD8008DD6DB /* Build configuration list for PBXNativeTarget "Chaat" */ = {
			isa = XCConfigurationList;
			buildConfigurations = (
				844851DB21B81DD8008DD6DB /* Debug */,
				844851DC21B81DD8008DD6DB /* Release */,
			);
			defaultConfigurationIsVisible = 0;
			defaultConfigurationName = Release;
		};
/* End XCConfigurationList section */
	};
	rootObject = 844851C021B81DD3008DD6DB /* Project object */;
}
